{
  "requires": true,
  "lockfileVersion": 1,
  "dependencies": {
    "@types/faker": {
      "version": "4.1.6",
      "resolved": "https://registry.npmjs.org/@types/faker/-/faker-4.1.6.tgz",
      "integrity": "sha512-Tp4xHecf4UX8VOvSfsL1QlMbOfukGbbAhQbHvPIcX56NmNql4MAamV7E/K5zdYfxlk8FTcxwsaCZTxM79zJzPQ=="
    },
    "@types/googlemaps": {
      "version": "3.38.0",
      "resolved": "https://registry.npmjs.org/@types/googlemaps/-/googlemaps-3.38.0.tgz",
      "integrity": "sha512-Rp7FnrwyYGnjoxM+/q/4DRqUzvV9JKK1SBRXx8APxU6NNMtYMsWmOMsQOV2U6z8aMFzlUbRv3EDixLcDep8t9w=="
    },
    "faker": {
      "version": "4.1.0",
      "resolved": "https://registry.npmjs.org/faker/-/faker-4.1.0.tgz",
      "integrity": "sha1-HkW7vsxndLPBlfrSg1EJxtdIzD8="
    },
    "typescript": {
      "version": "3.6.4",
      "resolved": "https://registry.npmjs.org/typescript/-/typescript-3.6.4.tgz",
      "integrity": "sha512-unoCll1+l+YK4i4F8f22TaNVPRHcD9PA3yCuZ8g5e0qGqlVlJ/8FSateOLLSagn+Yg5+ZwuPkL8LFUc0Jcvksg==",
      "dev": true
    }
  }
}
